
Microsoft Visual Studio Solution File, Format Version 12.00
# Visual Studio Version 16
VisualStudioVersion = 16.0.30907.101
MinimumVisualStudioVersion = 10.0.40219.1
Project("{FAE04EC0-301F-11D3-BF4B-00C04F79EFBC}") = "AppTaller", "AppTaller\AppTaller.csproj", "{A354BC61-4B6E-4FC2-95F4-47E57A1AC231}"
EndProject
Project("{54435603-DBB4-11D2-8724-00A0C9A8B90C}") = "Instalador", "Instalador\Instalador.vdproj", "{EAFF763D-62BA-4D8A-8795-1DA57A4E8AF0}"
EndProject
Global
	GlobalSection(SolutionConfigurationPlatforms) = preSolution
		Debug|Any CPU = Debug|Any CPU
		Release|Any CPU = Release|Any CPU
	EndGlobalSection
	GlobalSection(ProjectConfigurationPlatforms) = postSolution
		{A354BC61-4B6E-4FC2-95F4-47E57A1AC231}.Debug|Any CPU.ActiveCfg = Debug|Any CPU
		{A354BC61-4B6E-4FC2-95F4-47E57A1AC231}.Debug|Any CPU.Build.0 = Debug|Any CPU
		{A354BC61-4B6E-4FC2-95F4-47E57A1AC231}.Release|Any CPU.ActiveCfg = Release|Any CPU
		{A354BC61-4B6E-4FC2-95F4-47E57A1AC231}.Release|Any CPU.Build.0 = Release|Any CPU
		{EAFF763D-62BA-4D8A-8795-1DA57A4E8AF0}.Debug|Any CPU.ActiveCfg = Debug
		{EAFF763D-62BA-4D8A-8795-1DA57A4E8AF0}.Release|Any CPU.ActiveCfg = Release
	EndGlobalSection
	GlobalSection(SolutionProperties) = preSolution
		HideSolutionNode = FALSE
	EndGlobalSection
	GlobalSection(ExtensibilityGlobals) = postSolution
		SolutionGuid = {7B97A771-0ECA-4CE7-B87A-1B21AFF999E0}
	EndGlobalSection
EndGlobal
